
Microsoft Visual Studio Solution File, Format Version 11.00
# Visual C# Express 2010
Project("{FAE04EC0-301F-11D3-BF4B-00C04F79EFBC}") = "kodecsharp", "kodecsharp\kodecsharp.csproj", "{7B0E7AB8-69D9-4A71-AA9F-50F4C6716292}"
EndProject
Project("{FAE04EC0-301F-11D3-BF4B-00C04F79EFBC}") = "introduction", "introduction\introduction.csproj", "{8B32C7B3-3BC3-41E4-BA23-DED76C2473D3}"
EndProject
Project("{FAE04EC0-301F-11D3-BF4B-00C04F79EFBC}") = "system-sample", "system-sample\system-sample.csproj", "{D77A1D94-1D45-4AF4-99AF-EE3108C3EF74}"
EndProject
Global
	GlobalSection(SolutionConfigurationPlatforms) = preSolution
		Debug|x86 = Debug|x86
		Release|x86 = Release|x86
	EndGlobalSection
	GlobalSection(ProjectConfigurationPlatforms) = postSolution
		{7B0E7AB8-69D9-4A71-AA9F-50F4C6716292}.Debug|x86.ActiveCfg = Debug|x86
		{7B0E7AB8-69D9-4A71-AA9F-50F4C6716292}.Debug|x86.Build.0 = Debug|x86
		{7B0E7AB8-69D9-4A71-AA9F-50F4C6716292}.Release|x86.ActiveCfg = Release|x86
		{7B0E7AB8-69D9-4A71-AA9F-50F4C6716292}.Release|x86.Build.0 = Release|x86
		{8B32C7B3-3BC3-41E4-BA23-DED76C2473D3}.Debug|x86.ActiveCfg = Debug|x86
		{8B32C7B3-3BC3-41E4-BA23-DED76C2473D3}.Debug|x86.Build.0 = Debug|x86
		{8B32C7B3-3BC3-41E4-BA23-DED76C2473D3}.Release|x86.ActiveCfg = Release|x86
		{8B32C7B3-3BC3-41E4-BA23-DED76C2473D3}.Release|x86.Build.0 = Release|x86
		{D77A1D94-1D45-4AF4-99AF-EE3108C3EF74}.Debug|x86.ActiveCfg = Debug|x86
		{D77A1D94-1D45-4AF4-99AF-EE3108C3EF74}.Debug|x86.Build.0 = Debug|x86
		{D77A1D94-1D45-4AF4-99AF-EE3108C3EF74}.Release|x86.ActiveCfg = Release|x86
		{D77A1D94-1D45-4AF4-99AF-EE3108C3EF74}.Release|x86.Build.0 = Release|x86
	EndGlobalSection
	GlobalSection(SolutionProperties) = preSolution
		HideSolutionNode = FALSE
	EndGlobalSection
EndGlobal
